
Microsoft Visual Studio Solution File, Format Version 12.00
# Visual Studio Version 17
VisualStudioVersion = 17.10.35004.147
MinimumVisualStudioVersion = 10.0.40219.1
Project("{FAE04EC0-301F-11D3-BF4B-00C04F79EFBC}") = "Librerias_AMGD", "Librerias_AMGD.csproj", "{B3BCAE6D-3E6A-44B0-8B67-CA42DC7336A0}"
EndProject
Global
	GlobalSection(SolutionConfigurationPlatforms) = preSolution
		Debug|Any CPU = Debug|Any CPU
		Release|Any CPU = Release|Any CPU
	EndGlobalSection
	GlobalSection(ProjectConfigurationPlatforms) = postSolution
		{B3BCAE6D-3E6A-44B0-8B67-CA42DC7336A0}.Debug|Any CPU.ActiveCfg = Debug|Any CPU
		{B3BCAE6D-3E6A-44B0-8B67-CA42DC7336A0}.Debug|Any CPU.Build.0 = Debug|Any CPU
		{B3BCAE6D-3E6A-44B0-8B67-CA42DC7336A0}.Release|Any CPU.ActiveCfg = Release|Any CPU
		{B3BCAE6D-3E6A-44B0-8B67-CA42DC7336A0}.Release|Any CPU.Build.0 = Release|Any CPU
	EndGlobalSection
	GlobalSection(SolutionProperties) = preSolution
		HideSolutionNode = FALSE
	EndGlobalSection
	GlobalSection(ExtensibilityGlobals) = postSolution
		SolutionGuid = {3E069E25-6988-4DBF-AD52-77DE9FEE3CD1}
	EndGlobalSection
EndGlobal
